
Microsoft Visual Studio Solution File, Format Version 12.00
# Visual Studio Version 16
VisualStudioVersion = 16.0.31911.196
MinimumVisualStudioVersion = 10.0.40219.1
Project("{FAE04EC0-301F-11D3-BF4B-00C04F79EFBC}") = "AlarmTool eNodeB Ericsson", "AlarmTool eNodeB Ericsson.csproj", "{EDE10C87-B3E2-4E00-AD0F-F52874EBF976}"
EndProject
Project("{2150E333-8FDC-42A3-9474-1A3956D46DE8}") = "Solution Items", "Solution Items", "{9A253818-54F2-4FFB-8A05-94D87F4D9C68}"
	ProjectSection(SolutionItems) = preProject
		img\add_button.png = img\add_button.png
		img\filter_button.png = img\filter_button.png
		FtpSource.cs = FtpSource.cs
		img\icon.ico = img\icon.ico
		img\icon.png = img\icon.png
		img\refresh_button.png = img\refresh_button.png
		img\settings_button.png = img\settings_button.png
	EndProjectSection
EndProject
Project("{2150E333-8FDC-42A3-9474-1A3956D46DE8}") = "img", "img", "{BD435173-DA8E-4AAD-98EA-33AD7FDF647E}"
	ProjectSection(SolutionItems) = preProject
		img\add_button.png = img\add_button.png
		img\filter_button.png = img\filter_button.png
		img\icon.ico = img\icon.ico
		img\icon.png = img\icon.png
		img\settings_button.png = img\settings_button.png
	EndProjectSection
EndProject
Global
	GlobalSection(SolutionConfigurationPlatforms) = preSolution
		Debug|Any CPU = Debug|Any CPU
		Release|Any CPU = Release|Any CPU
	EndGlobalSection
	GlobalSection(ProjectConfigurationPlatforms) = postSolution
		{EDE10C87-B3E2-4E00-AD0F-F52874EBF976}.Debug|Any CPU.ActiveCfg = Debug|Any CPU
		{EDE10C87-B3E2-4E00-AD0F-F52874EBF976}.Debug|Any CPU.Build.0 = Debug|Any CPU
		{EDE10C87-B3E2-4E00-AD0F-F52874EBF976}.Release|Any CPU.ActiveCfg = Release|Any CPU
		{EDE10C87-B3E2-4E00-AD0F-F52874EBF976}.Release|Any CPU.Build.0 = Release|Any CPU
	EndGlobalSection
	GlobalSection(SolutionProperties) = preSolution
		HideSolutionNode = FALSE
	EndGlobalSection
	GlobalSection(NestedProjects) = preSolution
		{BD435173-DA8E-4AAD-98EA-33AD7FDF647E} = {9A253818-54F2-4FFB-8A05-94D87F4D9C68}
	EndGlobalSection
	GlobalSection(ExtensibilityGlobals) = postSolution
		SolutionGuid = {81A7173F-CCEF-4A51-98B4-D98C7E1DFE3E}
	EndGlobalSection
EndGlobal
